
Microsoft Visual Studio Solution File, Format Version 12.00
# Visual Studio 2012
Project("{FAE04EC0-301F-11D3-BF4B-00C04F79EFBC}") = "QuarkUp.CadCli.UI", "QuarkUp.CadCli.UI\QuarkUp.CadCli.UI.csproj", "{1C189C5C-DDF0-44A8-B029-216804193AFE}"
EndProject
Project("{FAE04EC0-301F-11D3-BF4B-00C04F79EFBC}") = "QuarkUp.CadCli.Data", "QuarkUp.CadCli.Data\QuarkUp.CadCli.Data.csproj", "{8EE28513-D338-487F-A8B6-289EADAE3192}"
EndProject
Project("{FAE04EC0-301F-11D3-BF4B-00C04F79EFBC}") = "QuarkUp.CadCli.Domain", "QuarkUp.CadCli.Domain\QuarkUp.CadCli.Domain.csproj", "{12EB002A-0B43-46E5-8786-62447F58295F}"
EndProject
Global
	GlobalSection(SolutionConfigurationPlatforms) = preSolution
		Debug|Any CPU = Debug|Any CPU
		Release|Any CPU = Release|Any CPU
	EndGlobalSection
	GlobalSection(ProjectConfigurationPlatforms) = postSolution
		{1C189C5C-DDF0-44A8-B029-216804193AFE}.Debug|Any CPU.ActiveCfg = Debug|Any CPU
		{1C189C5C-DDF0-44A8-B029-216804193AFE}.Debug|Any CPU.Build.0 = Debug|Any CPU
		{1C189C5C-DDF0-44A8-B029-216804193AFE}.Release|Any CPU.ActiveCfg = Release|Any CPU
		{1C189C5C-DDF0-44A8-B029-216804193AFE}.Release|Any CPU.Build.0 = Release|Any CPU
		{8EE28513-D338-487F-A8B6-289EADAE3192}.Debug|Any CPU.ActiveCfg = Debug|Any CPU
		{8EE28513-D338-487F-A8B6-289EADAE3192}.Debug|Any CPU.Build.0 = Debug|Any CPU
		{8EE28513-D338-487F-A8B6-289EADAE3192}.Release|Any CPU.ActiveCfg = Release|Any CPU
		{8EE28513-D338-487F-A8B6-289EADAE3192}.Release|Any CPU.Build.0 = Release|Any CPU
		{12EB002A-0B43-46E5-8786-62447F58295F}.Debug|Any CPU.ActiveCfg = Debug|Any CPU
		{12EB002A-0B43-46E5-8786-62447F58295F}.Debug|Any CPU.Build.0 = Debug|Any CPU
		{12EB002A-0B43-46E5-8786-62447F58295F}.Release|Any CPU.ActiveCfg = Release|Any CPU
		{12EB002A-0B43-46E5-8786-62447F58295F}.Release|Any CPU.Build.0 = Release|Any CPU
	EndGlobalSection
	GlobalSection(SolutionProperties) = preSolution
		HideSolutionNode = FALSE
	EndGlobalSection
EndGlobal
